
Microsoft Visual Studio Solution File, Format Version 12.00
# Visual Studio Version 17
VisualStudioVersion = 17.13.35825.156 d17.13
MinimumVisualStudioVersion = 10.0.40219.1
Project("{FAE04EC0-301F-11D3-BF4B-00C04F79EFBC}") = "WsdlToTS", "WsdlToTS\WsdlToTS.csproj", "{A9A76942-BA07-46FE-BFF5-1DCAF5B68946}"
EndProject
Global
	GlobalSection(SolutionConfigurationPlatforms) = preSolution
		Debug|Any CPU = Debug|Any CPU
		Release|Any CPU = Release|Any CPU
	EndGlobalSection
	GlobalSection(ProjectConfigurationPlatforms) = postSolution
		{A9A76942-BA07-46FE-BFF5-1DCAF5B68946}.Debug|Any CPU.ActiveCfg = Debug|Any CPU
		{A9A76942-BA07-46FE-BFF5-1DCAF5B68946}.Debug|Any CPU.Build.0 = Debug|Any CPU
		{A9A76942-BA07-46FE-BFF5-1DCAF5B68946}.Release|Any CPU.ActiveCfg = Release|Any CPU
		{A9A76942-BA07-46FE-BFF5-1DCAF5B68946}.Release|Any CPU.Build.0 = Release|Any CPU
	EndGlobalSection
	GlobalSection(SolutionProperties) = preSolution
		HideSolutionNode = FALSE
	EndGlobalSection
	GlobalSection(ExtensibilityGlobals) = postSolution
		SolutionGuid = {AAB7B2C7-20A1-43F9-A22C-D3AB6BA8214C}
	EndGlobalSection
EndGlobal
